PODS:
  - FMDB (2.7.5):
    - FMDB/standard (= 2.7.5)
  - FMDB/standard (2.7.5)
  - II18N (0.1.0)
  - IIOCUtis (0.8.10):
    - FMDB
    - II18N
    - IIOCUtis/AccessToken (= 0.8.10)
    - IIOCUtis/Cache (= 0.8.10)
    - IIOCUtis/Constant (= 0.8.10)
    - IIOCUtis/GETDevice (= 0.8.10)
    - IIOCUtis/IIMJRefresh (= 0.8.10)
    - IIOCUtis/IIProgressHUD (= 0.8.10)
    - IIOCUtis/IIRouteAlert (= 0.8.10)
    - IIOCUtis/UTI (= 0.8.10)
    - MJExtension
    - SDWebImage (= 4.4.6)
    - Toast
  - IIOCUtis/AccessToken (0.8.10):
    - FMDB
    - II18N
    - MJExtension
    - SDWebImage (= 4.4.6)
    - Toast
  - IIOCUtis/Cache (0.8.10):
    - FMDB
    - II18N
    - MJExtension
    - SDWebImage (= 4.4.6)
    - Toast
  - IIOCUtis/Constant (0.8.10):
    - FMDB
    - II18N
    - MJExtension
    - SDWebImage (= 4.4.6)
    - Toast
  - IIOCUtis/GETDevice (0.8.10):
    - FMDB
    - II18N
    - MJExtension
    - SDWebImage (= 4.4.6)
    - Toast
  - IIOCUtis/IIMJRefresh (0.8.10):
    - FMDB
    - II18N
    - MJExtension
    - SDWebImage (= 4.4.6)
    - Toast
  - IIOCUtis/IIProgressHUD (0.8.10):
    - FMDB
    - II18N
    - MJExtension
    - SDWebImage (= 4.4.6)
    - Toast
  - IIOCUtis/IIRouteAlert (0.8.10):
    - FMDB
    - II18N
    - MJExtension
    - SDWebImage (= 4.4.6)
    - Toast
  - IIOCUtis/UTI (0.8.10):
    - FMDB
    - II18N
    - MJExtension
    - SDWebImage (= 4.4.6)
    - Toast
  - MJExtension (3.0.17)
  - SDWebImage (4.4.6):
    - SDWebImage/Core (= 4.4.6)
  - SDWebImage/Core (4.4.6)
  - Toast (4.0.0)

DEPENDENCIES:
  - IIOCUtis (from `../`)

SPEC REPOS:
  https://github.com/cocoapods/specs.git:
    - FMDB
    - II18N
    - MJExtension
    - SDWebImage
    - Toast

EXTERNAL SOURCES:
  IIOCUtis:
    :path: "../"

SPEC CHECKSUMS:
  FMDB: 2ce00b547f966261cd18927a3ddb07cb6f3db82a
  II18N: 323a17a6c4af02c6fed5d942dbdf5e540e2643b0
  IIOCUtis: d54e625d9e5bd351d69aa57bb4d04e89a5ff873e
  MJExtension: 74ec83124a68891619fb7ba9c5c811bbf1691076
  SDWebImage: 3f3f0c02f09798048c47a5ed0a13f17b063572d8
  Toast: 91b396c56ee72a5790816f40d3a94dd357abc196

PODFILE CHECKSUM: 872ff57b2b17231c069ff7512646bbc139ce1718

COCOAPODS: 1.7.1
