PODS:
  - III18N (0.8.0)
  - IIOCUtis (0.8.4):
    - III18N
    - IIOCUtis/IIMJRefresh (= 0.8.4)
    - IIOCUtis/IIProgressHUD (= 0.8.4)
  - IIOCUtis/IIMJRefresh (0.8.4):
    - III18N
  - IIOCUtis/IIProgressHUD (0.8.4):
    - III18N

DEPENDENCIES:
  - IIOCUtis (from `../`)

SPEC REPOS:
  https://github.com/cocoapods/specs.git:
    - III18N

EXTERNAL SOURCES:
  IIOCUtis:
    :path: "../"

SPEC CHECKSUMS:
  III18N: 89145d37dfb9153c1f6a4243657d07dd8033dc1b
  IIOCUtis: 8247e19ff0e07b1645062f0fca30132824a04489

PODFILE CHECKSUM: 92d6debddfc2389a479ee6e6339a0197b599d12a

COCOAPODS: 1.7.0.rc.2
