PODS:
  - II18N (0.1.0)
  - IIOCUtis (0.8.7):
    - II18N
    - IIOCUtis/IIMJRefresh (= 0.8.7)
    - IIOCUtis/IIProgressHUD (= 0.8.7)
    - SDWebImage (= 4.4.6)
  - IIOCUtis/IIMJRefresh (0.8.7):
    - II18N
    - SDWebImage (= 4.4.6)
  - IIOCUtis/IIProgressHUD (0.8.7):
    - II18N
    - SDWebImage (= 4.4.6)
  - SDWebImage (4.4.6):
    - SDWebImage/Core (= 4.4.6)
  - SDWebImage/Core (4.4.6)

DEPENDENCIES:
  - IIOCUtis (from `../`)

SPEC REPOS:
  https://github.com/cocoapods/specs.git:
    - II18N
    - SDWebImage

EXTERNAL SOURCES:
  IIOCUtis:
    :path: "../"

SPEC CHECKSUMS:
  II18N: 323a17a6c4af02c6fed5d942dbdf5e540e2643b0
  IIOCUtis: 38b0efbc72b962fb5a6991a7d0dd95550a76128f
  SDWebImage: 3f3f0c02f09798048c47a5ed0a13f17b063572d8

PODFILE CHECKSUM: 92d6debddfc2389a479ee6e6339a0197b599d12a

COCOAPODS: 1.7.0
